{
  "name": "frontend",
  "version": "1.0.0",
  "lockfileVersion": 1,
  "requires": true,
  "dependencies": {
    "@js-joda/core": {
      "version": "5.5.3",
      "resolved": "https://registry.npmjs.org/@js-joda/core/-/core-5.5.3.tgz",
      "integrity": "sha512-7dqNYwG8gCt4hfg5PKgM7xLEcgSBcx/UgC92OMnhMmvAnq11QzDFPrxUkNR/u5kn17WWLZ8beZ4A3Qrz4pZcmQ=="
    },
    "@js-joda/locale_en-us": {
      "version": "4.8.10",
      "resolved": "https://registry.npmjs.org/@js-joda/locale_en-us/-/locale_en-us-4.8.10.tgz",
      "integrity": "sha512-IZpQUvA78KI2Ho0dNpiQnx8MzswhZO/csFSky4vCCZ01/XWOeCu4eDhcxThXQJDt4fkNgoISKrmSwUmQRhgxwQ=="
    }
  }
}
